
Microsoft Visual Studio Solution File, Format Version 12.00
# Visual Studio 15
VisualStudioVersion = 15.0.28307.572
MinimumVisualStudioVersion = 10.0.40219.1
Project("{FAE04EC0-301F-11D3-BF4B-00C04F79EFBC}") = "gitDemo", "gitDemo\gitDemo.csproj", "{51D66584-114C-4F1D-9658-9AF07A46E4C0}"
EndProject
Global
	GlobalSection(SolutionConfigurationPlatforms) = preSolution
		Debug|Any CPU = Debug|Any CPU
		Release|Any CPU = Release|Any CPU
	EndGlobalSection
	GlobalSection(ProjectConfigurationPlatforms) = postSolution
		{51D66584-114C-4F1D-9658-9AF07A46E4C0}.Debug|Any CPU.ActiveCfg = Debug|Any CPU
		{51D66584-114C-4F1D-9658-9AF07A46E4C0}.Debug|Any CPU.Build.0 = Debug|Any CPU
		{51D66584-114C-4F1D-9658-9AF07A46E4C0}.Release|Any CPU.ActiveCfg = Release|Any CPU
		{51D66584-114C-4F1D-9658-9AF07A46E4C0}.Release|Any CPU.Build.0 = Release|Any CPU
	EndGlobalSection
	GlobalSection(SolutionProperties) = preSolution
		HideSolutionNode = FALSE
	EndGlobalSection
	GlobalSection(ExtensibilityGlobals) = postSolution
		SolutionGuid = {F31EC0F5-C16C-49EB-B4A6-93E54BC90A2F}
	EndGlobalSection
EndGlobal
